
Microsoft Visual Studio Solution File, Format Version 12.00
# Visual Studio Version 17
VisualStudioVersion = 17.8.34316.72
MinimumVisualStudioVersion = 10.0.40219.1
Project("{FAE04EC0-301F-11D3-BF4B-00C04F79EFBC}") = "LivrariaControleEmprestimo.DATA", "LivrariaControleEmprestimo.DATA\LivrariaControleEmprestimo.DATA.csproj", "{75730DA1-DCF2-4A19-8AC1-67C64EDA1AD4}"
EndProject
Project("{FAE04EC0-301F-11D3-BF4B-00C04F79EFBC}") = "LivrariaControleEmprestimo.WEB", "LivrariaControleEmprestimo.WEB\LivrariaControleEmprestimo.WEB.csproj", "{124FE97C-1CBE-4061-9815-0ABC70995909}"
EndProject
Global
	GlobalSection(SolutionConfigurationPlatforms) = preSolution
		Debug|Any CPU = Debug|Any CPU
		Release|Any CPU = Release|Any CPU
	EndGlobalSection
	GlobalSection(ProjectConfigurationPlatforms) = postSolution
		{75730DA1-DCF2-4A19-8AC1-67C64EDA1AD4}.Debug|Any CPU.ActiveCfg = Debug|Any CPU
		{75730DA1-DCF2-4A19-8AC1-67C64EDA1AD4}.Debug|Any CPU.Build.0 = Debug|Any CPU
		{75730DA1-DCF2-4A19-8AC1-67C64EDA1AD4}.Release|Any CPU.ActiveCfg = Release|Any CPU
		{75730DA1-DCF2-4A19-8AC1-67C64EDA1AD4}.Release|Any CPU.Build.0 = Release|Any CPU
		{124FE97C-1CBE-4061-9815-0ABC70995909}.Debug|Any CPU.ActiveCfg = Debug|Any CPU
		{124FE97C-1CBE-4061-9815-0ABC70995909}.Debug|Any CPU.Build.0 = Debug|Any CPU
		{124FE97C-1CBE-4061-9815-0ABC70995909}.Release|Any CPU.ActiveCfg = Release|Any CPU
		{124FE97C-1CBE-4061-9815-0ABC70995909}.Release|Any CPU.Build.0 = Release|Any CPU
	EndGlobalSection
	GlobalSection(SolutionProperties) = preSolution
		HideSolutionNode = FALSE
	EndGlobalSection
	GlobalSection(ExtensibilityGlobals) = postSolution
		SolutionGuid = {E90724CF-EAEF-4C7E-88F3-756CFF9B295A}
	EndGlobalSection
EndGlobal
